// !$*UTF8*$!
{
	archiveVersion = 1;
	classes = {
	};
	objectVersion = 50;
	objects = {

/* Begin PBXBuildFile section */
		88EBEF052375D58800BF436A /* AppDelegate.swift in Sources */ = {isa = PBXBuildFile; fileRef = 88EBEF042375D58800BF436A /* AppDelegate.swift */; };
		88EBEF072375D58800BF436A /* SceneDelegate.swift in Sources */ = {isa = PBXBuildFile; fileRef = 88EBEF062375D58800BF436A /* SceneDelegate.swift */; };
		88EBEF092375D58800BF436A /* ContentView.swift in Sources */ = {isa = PBXBuildFile; fileRef = 88EBEF082375D58800BF436A /* ContentView.swift */; };
		88EBEF0B2375D58F00BF436A /* Assets.xcassets in Resources */ = {isa = PBXBuildFile; fileRef = 88EBEF0A2375D58F00BF436A /* Assets.xcassets */; };
		88EBEF0E2375D58F00BF436A /* Preview Assets.xcassets in Resources */ = {isa = PBXBuildFile; fileRef = 88EBEF0D2375D58F00BF436A /* Preview Assets.xcassets */; };
		88EBEF112375D58F00BF436A /* LaunchScreen.storyboard in Resources */ = {isa = PBXBuildFile; fileRef = 88EBEF0F2375D58F00BF436A /* LaunchScreen.storyboard */; };
		88EBEF192375D5AC00BF436A /* AppStyles.swift in Sources */ = {isa = PBXBuildFile; fileRef = 88EBEF182375D5AC00BF436A /* AppStyles.swift */; };
/* End PBXBuildFile section */

/* Begin PBXFileReference section */
		88EBEF012375D58800BF436A /* SimpleStyleExample.app */ = {isa = PBXFileReference; explicitFileType = wrapper.application; includeInIndex = 0; path = SimpleStyleExample.app; sourceTree = BUILT_PRODUCTS_DIR; };
		88EBEF042375D58800BF436A /* AppDelegate.swift */ = {isa = PBXFileReference; lastKnownFileType = sourcecode.swift; path = AppDelegate.swift; sourceTree = "<group>"; };
		88EBEF062375D58800BF436A /* SceneDelegate.swift */ = {isa = PBXFileReference; lastKnownFileType = sourcecode.swift; path = SceneDelegate.swift; sourceTree = "<group>"; };
		88EBEF082375D58800BF436A /* ContentView.swift */ = {isa = PBXFileReference; lastKnownFileType = sourcecode.swift; path = ContentView.swift; sourceTree = "<group>"; };
		88EBEF0A2375D58F00BF436A /* Assets.xcassets */ = {isa = PBXFileReference; lastKnownFileType = folder.assetcatalog; path = Assets.xcassets; sourceTree = "<group>"; };
		88EBEF0D2375D58F00BF436A /* Preview Assets.xcassets */ = {isa = PBXFileReference; lastKnownFileType = folder.assetcatalog; path = "Preview Assets.xcassets"; sourceTree = "<group>"; };
		88EBEF102375D58F00BF436A /* Base */ = {isa = PBXFileReference; lastKnownFileType = file.storyboard; name = Base; path = Base.lproj/LaunchScreen.storyboard; sourceTree = "<group>"; };
		88EBEF122375D58F00BF436A /* Info.plist */ = {isa = PBXFileReference; lastKnownFileType = text.plist.xml; path = Info.plist; sourceTree = "<group>"; };
		88EBEF182375D5AC00BF436A /* AppStyles.swift */ = {isa = PBXFileReference; lastKnownFileType = sourcecode.swift; path = AppStyles.swift; sourceTree = "<group>"; };
/* End PBXFileReference section */

/* Begin PBXFrameworksBuildPhase section */
		88EBEEFE2375D58800BF436A /* Frameworks */ = {
			isa = PBXFrameworksBuildPhase;
			buildActionMask = 2147483647;
			files = (
			);
			runOnlyForDeploymentPostprocessing = 0;
		};
/* End PBXFrameworksBuildPhase section */

/* Begin PBXGroup section */
		88EBEEF82375D58800BF436A = {
			isa = PBXGroup;
			children = (
				88EBEF032375D58800BF436A /* SimpleStyleExample */,
				88EBEF022375D58800BF436A /* Products */,
			);
			sourceTree = "<group>";
		};
		88EBEF022375D58800BF436A /* Products */ = {
			isa = PBXGroup;
			children = (
				88EBEF012375D58800BF436A /* SimpleStyleExample.app */,
			);
			name = Products;
			sourceTree = "<group>";
		};
		88EBEF032375D58800BF436A /* SimpleStyleExample */ = {
			isa = PBXGroup;
			children = (
				88EBEF042375D58800BF436A /* AppDelegate.swift */,
				88EBEF062375D58800BF436A /* SceneDelegate.swift */,
				88EBEF082375D58800BF436A /* ContentView.swift */,
				88EBEF182375D5AC00BF436A /* AppStyles.swift */,
				88EBEF0A2375D58F00BF436A /* Assets.xcassets */,
				88EBEF0F2375D58F00BF436A /* LaunchScreen.storyboard */,
				88EBEF122375D58F00BF436A /* Info.plist */,
				88EBEF0C2375D58F00BF436A /* Preview Content */,
			);
			path = SimpleStyleExample;
			sourceTree = "<group>";
		};
		88EBEF0C2375D58F00BF436A /* Preview Content */ = {
			isa = PBXGroup;
			children = (
				88EBEF0D2375D58F00BF436A /* Preview Assets.xcassets */,
			);
			path = "Preview Content";
			sourceTree = "<group>";
		};
/* End PBXGroup section */

/* Begin PBXNativeTarget section */
		88EBEF002375D58800BF436A /* SimpleStyleExample */ = {
			isa = PBXNativeTarget;
			buildConfigurationList = 88EBEF152375D58F00BF436A /* Build configuration list for PBXNativeTarget "SimpleStyleExample" */;
			buildPhases = (
				88EBEEFD2375D58800BF436A /* Sources */,
				88EBEEFE2375D58800BF436A /* Frameworks */,
				88EBEEFF2375D58800BF436A /* Resources */,
			);
			buildRules = (
			);
			dependencies = (
			);
			name = SimpleStyleExample;
			productName = SimpleStyleExample;
			productReference = 88EBEF012375D58800BF436A /* SimpleStyleExample.app */;
			productType = "com.apple.product-type.application";
		};
/* End PBXNativeTarget section */

/* Begin PBXProject section */
		88EBEEF92375D58800BF436A /* Project object */ = {
			isa = PBXProject;
			attributes = {
				LastSwiftUpdateCheck = 1120;
				LastUpgradeCheck = 1120;
				ORGANIZATIONNAME = "Adam Chin";
				TargetAttributes = {
					88EBEF002375D58800BF436A = {
						CreatedOnToolsVersion = 11.2;
					};
				};
			};
			buildConfigurationList = 88EBEEFC2375D58800BF436A /* Build configuration list for PBXProject "SimpleStyleExample" */;
			compatibilityVersion = "Xcode 9.3";
			developmentRegion = en;
			hasScannedForEncodings = 0;
			knownRegions = (
				en,
				Base,
			);
			mainGroup = 88EBEEF82375D58800BF436A;
			productRefGroup = 88EBEF022375D58800BF436A /* Products */;
			projectDirPath = "";
			projectRoot = "";
			targets = (
				88EBEF002375D58800BF436A /* SimpleStyleExample */,
			);
		};
/* End PBXProject section */

/* Begin PBXResourcesBuildPhase section */
		88EBEEFF2375D58800BF436A /* Resources */ = {
			isa = PBXResourcesBuildPhase;
			buildActionMask = 2147483647;
			files = (
				88EBEF112375D58F00BF436A /* LaunchScreen.storyboard in Resources */,
				88EBEF0E2375D58F00BF436A /* Preview Assets.xcassets in Resources */,
				88EBEF0B2375D58F00BF436A /* Assets.xcassets in Resources */,
			);
			runOnlyForDeploymentPostprocessing = 0;
		};
/* End PBXResourcesBuildPhase section */

/* Begin PBXSourcesBuildPhase section */
		88EBEEFD2375D58800BF436A /* Sources */ = {
			isa = PBXSourcesBuildPhase;
			buildActionMask = 2147483647;
			files = (
				88EBEF052375D58800BF436A /* AppDelegate.swift in Sources */,
				88EBEF072375D58800BF436A /* SceneDelegate.swift in Sources */,
				88EBEF092375D58800BF436A /* ContentView.swift in Sources */,
				88EBEF192375D5AC00BF436A /* AppStyles.swift in Sources */,
			);
			runOnlyForDeploymentPostprocessing = 0;
		};
/* End PBXSourcesBuildPhase section */

/* Begin PBXVariantGroup section */
		88EBEF0F2375D58F00BF436A /* LaunchScreen.storyboard */ = {
			isa = PBXVariantGroup;
			children = (
				88EBEF102375D58F00BF436A /* Base */,
			);
			name = LaunchScreen.storyboard;
			sourceTree = "<group>";
		};
/* End PBXVariantGroup section */

/* Begin XCBuildConfiguration section */
		88EBEF132375D58F00BF436A /* Debug */ = {
			isa = XCBuildConfiguration;
			buildSettings = {
				ALWAYS_SEARCH_USER_PATHS = NO;
				CLANG_ANALYZER_NONNULL = YES;
				CLANG_ANALYZER_NUMBER_OBJECT_CONVERSION = YES_AGGRESSIVE;
				CLANG_CXX_LANGUAGE_STANDARD = "gnu++14";
				CLANG_CXX_LIBRARY = "libc++";
				CLANG_ENABLE_MODULES = YES;
				CLANG_ENABLE_OBJC_ARC = YES;
				CLANG_ENABLE_OBJC_WEAK = YES;
				CLANG_WARN_BLOCK_CAPTURE_AUTORELEASING = YES;
				CLANG_WARN_BOOL_CONVERSION = YES;
				CLANG_WARN_COMMA = YES;
				CLANG_WARN_CONSTANT_CONVERSION = YES;
				CLANG_WARN_DEPRECATED_OBJC_IMPLEMENTATIONS = YES;
				CLANG_WARN_DIRECT_OBJC_ISA_USAGE = YES_ERROR;
				CLANG_WARN_DOCUMENTATION_COMMENTS = YES;
				CLANG_WARN_EMPTY_BODY = YES;
				CLANG_WARN_ENUM_CONVERSION = YES;
				CLANG_WARN_INFINITE_RECURSION = YES;
				CLANG_WARN_INT_CONVERSION = YES;
				CLANG_WARN_NON_LITERAL_NULL_CONVERSION = YES;
				CLANG_WARN_OBJC_IMPLICIT_RETAIN_SELF = YES;
				CLANG_WARN_OBJC_LITERAL_CONVERSION = YES;
				CLANG_WARN_OBJC_ROOT_CLASS = YES_ERROR;
				CLANG_WARN_RANGE_LOOP_ANALYSIS = YES;
				CLANG_WARN_STRICT_PROTOTYPES = YES;
				CLANG_WARN_SUSPICIOUS_MOVE = YES;
				CLANG_WARN_UNGUARDED_AVAILABILITY = YES_AGGRESSIVE;
				CLANG_WARN_UNREACHABLE_CODE = YES;
				CLANG_WARN__DUPLICATE_METHOD_MATCH = YES;
				COPY_PHASE_STRIP = NO;
				DEBUG_INFORMATION_FORMAT = dwarf;
				ENABLE_STRICT_OBJC_MSGSEND = YES;
				ENABLE_TESTABILITY = YES;
				GCC_C_LANGUAGE_STANDARD = gnu11;
				GCC_DYNAMIC_NO_PIC = NO;
				GCC_NO_COMMON_BLOCKS = YES;
				GCC_OPTIMIZATION_LEVEL = 0;
				GCC_PREPROCESSOR_DEFINITIONS = (
					"DEBUG=1",
					"$(inherited)",
				);
				GCC_WARN_64_TO_32_BIT_CONVERSION = YES;
				GCC_WARN_ABOUT_RETURN_TYPE = YES_ERROR;
				GCC_WARN_UNDECLARED_SELECTOR = YES;
				GCC_WARN_UNINITIALIZED_AUTOS = YES_AGGRESSIVE;
				GCC_WARN_UNUSED_FUNCTION = YES;
				GCC_WARN_UNUSED_VARIABLE = YES;
				IPHONEOS_DEPLOYMENT_TARGET = 13.2;
				MTL_ENABLE_DEBUG_INFO = INCLUDE_SOURCE;
				MTL_FAST_MATH = YES;
				ONLY_ACTIVE_ARCH = YES;
				SDKROOT = iphoneos;
				SWIFT_ACTIVE_COMPILATION_CONDITIONS = DEBUG;
				SWIFT_OPTIMIZATION_LEVEL = "-Onone";
			};
			name = Debug;
		};
		88EBEF142375D58F00BF436A /* Release */ = {
			isa = XCBuildConfiguration;
			buildSettings = {
				ALWAYS_SEARCH_USER_PATHS = NO;
				CLANG_ANALYZER_NONNULL = YES;
				CLANG_ANALYZER_NUMBER_OBJECT_CONVERSION = YES_AGGRESSIVE;
				CLANG_CXX_LANGUAGE_STANDARD = "gnu++14";
				CLANG_CXX_LIBRARY = "libc++";
				CLANG_ENABLE_MODULES = YES;
				CLANG_ENABLE_OBJC_ARC = YES;
				CLANG_ENABLE_OBJC_WEAK = YES;
				CLANG_WARN_BLOCK_CAPTURE_AUTORELEASING = YES;
				CLANG_WARN_BOOL_CONVERSION = YES;
				CLANG_WARN_COMMA = YES;
				CLANG_WARN_CONSTANT_CONVERSION = YES;
				CLANG_WARN_DEPRECATED_OBJC_IMPLEMENTATIONS = YES;
				CLANG_WARN_DIRECT_OBJC_ISA_USAGE = YES_ERROR;
				CLANG_WARN_DOCUMENTATION_COMMENTS = YES;
				CLANG_WARN_EMPTY_BODY = YES;
				CLANG_WARN_ENUM_CONVERSION = YES;
				CLANG_WARN_INFINITE_RECURSION = YES;
				CLANG_WARN_INT_CONVERSION = YES;
				CLANG_WARN_NON_LITERAL_NULL_CONVERSION = YES;
				CLANG_WARN_OBJC_IMPLICIT_RETAIN_SELF = YES;
				CLANG_WARN_OBJC_LITERAL_CONVERSION = YES;
				CLANG_WARN_OBJC_ROOT_CLASS = YES_ERROR;
				CLANG_WARN_RANGE_LOOP_ANALYSIS = YES;
				CLANG_WARN_STRICT_PROTOTYPES = YES;
				CLANG_WARN_SUSPICIOUS_MOVE = YES;
				CLANG_WARN_UNGUARDED_AVAILABILITY = YES_AGGRESSIVE;
				CLANG_WARN_UNREACHABLE_CODE = YES;
				CLANG_WARN__DUPLICATE_METHOD_MATCH = YES;
				COPY_PHASE_STRIP = NO;
				DEBUG_INFORMATION_FORMAT = "dwarf-with-dsym";
				ENABLE_NS_ASSERTIONS = NO;
				ENABLE_STRICT_OBJC_MSGSEND = YES;
				GCC_C_LANGUAGE_STANDARD = gnu11;
				GCC_NO_COMMON_BLOCKS = YES;
				GCC_WARN_64_TO_32_BIT_CONVERSION = YES;
				GCC_WARN_ABOUT_RETURN_TYPE = YES_ERROR;
				GCC_WARN_UNDECLARED_SELECTOR = YES;
				GCC_WARN_UNINITIALIZED_AUTOS = YES_AGGRESSIVE;
				GCC_WARN_UNUSED_FUNCTION = YES;
				GCC_WARN_UNUSED_VARIABLE = YES;
				IPHONEOS_DEPLOYMENT_TARGET = 13.2;
				MTL_ENABLE_DEBUG_INFO = NO;
				MTL_FAST_MATH = YES;
				SDKROOT = iphoneos;
				SWIFT_COMPILATION_MODE = wholemodule;
				SWIFT_OPTIMIZATION_LEVEL = "-O";
				VALIDATE_PRODUCT = YES;
			};
			name = Release;
		};
		88EBEF162375D58F00BF436A /* Debug */ = {
			isa = XCBuildConfiguration;
			buildSettings = {
				ASSETCATALOG_COMPILER_APPICON_NAME = AppIcon;
				CODE_SIGN_STYLE = Automatic;
				DEVELOPMENT_ASSET_PATHS = "\"SimpleStyleExample/Preview Content\"";
				DEVELOPMENT_TEAM = PW6A8Y96ZX;
				ENABLE_PREVIEWS = YES;
				INFOPLIST_FILE = SimpleStyleExample/Info.plist;
				LD_RUNPATH_SEARCH_PATHS = (
					"$(inherited)",
					"@executable_path/Frameworks",
				);
				PRODUCT_BUNDLE_IDENTIFIER = com.hushbox.SimpleStyleExample;
				PRODUCT_NAME = "$(TARGET_NAME)";
				SWIFT_VERSION = 5.0;
				TARGETED_DEVICE_FAMILY = "1,2";
			};
			name = Debug;
		};
		88EBEF172375D58F00BF436A /* Release */ = {
			isa = XCBuildConfiguration;
			buildSettings = {
				ASSETCATALOG_COMPILER_APPICON_NAME = AppIcon;
				CODE_SIGN_STYLE = Automatic;
				DEVELOPMENT_ASSET_PATHS = "\"SimpleStyleExample/Preview Content\"";
				DEVELOPMENT_TEAM = PW6A8Y96ZX;
				ENABLE_PREVIEWS = YES;
				INFOPLIST_FILE = SimpleStyleExample/Info.plist;
				LD_RUNPATH_SEARCH_PATHS = (
					"$(inherited)",
					"@executable_path/Frameworks",
				);
				PRODUCT_BUNDLE_IDENTIFIER = com.hushbox.SimpleStyleExample;
				PRODUCT_NAME = "$(TARGET_NAME)";
				SWIFT_VERSION = 5.0;
				TARGETED_DEVICE_FAMILY = "1,2";
			};
			name = Release;
		};
/* End XCBuildConfiguration section */

/* Begin XCConfigurationList section */
		88EBEEFC2375D58800BF436A /* Build configuration list for PBXProject "SimpleStyleExample" */ = {
			isa = XCConfigurationList;
			buildConfigurations = (
				88EBEF132375D58F00BF436A /* Debug */,
				88EBEF142375D58F00BF436A /* Release */,
			);
			defaultConfigurationIsVisible = 0;
			defaultConfigurationName = Release;
		};
		88EBEF152375D58F00BF436A /* Build configuration list for PBXNativeTarget "SimpleStyleExample" */ = {
			isa = XCConfigurationList;
			buildConfigurations = (
				88EBEF162375D58F00BF436A /* Debug */,
				88EBEF172375D58F00BF436A /* Release */,
			);
			defaultConfigurationIsVisible = 0;
			defaultConfigurationName = Release;
		};
/* End XCConfigurationList section */
	};
	rootObject = 88EBEEF92375D58800BF436A /* Project object */;
}
